{
  "originHash" : "1f06cf3c639532d286c470e81158af666944da378de62a4c136590c22991b051",
  "pins" : [
    {
      "identity" : "stripe-ios-spm",
      "kind" : "remoteSourceControl",
      "location" : "https://github.com/stripe/stripe-ios-spm",
      "state" : {
        "revision" : "08c19e3f80d6944305429651667965d4c7d6db70",
        "version" : "23.9.2"
      }
    }
  ],
  "version" : 3
}
